
Microsoft Visual Studio Solution File, Format Version 12.00
# Visual Studio Version 17
VisualStudioVersion = 17.7.34031.279
MinimumVisualStudioVersion = 10.0.40219.1
Project("{FAE04EC0-301F-11D3-BF4B-00C04F79EFBC}") = "Oat", "Oat\Oat.csproj", "{A9BA6632-8146-431E-A2B4-1BF7CE282BF4}"
EndProject
Global
	GlobalSection(SolutionConfigurationPlatforms) = preSolution
		Debug|Any CPU = Debug|Any CPU
		Release|Any CPU = Release|Any CPU
	EndGlobalSection
	GlobalSection(ProjectConfigurationPlatforms) = postSolution
		{A9BA6632-8146-431E-A2B4-1BF7CE282BF4}.Debug|Any CPU.ActiveCfg = Debug|Any CPU
		{A9BA6632-8146-431E-A2B4-1BF7CE282BF4}.Debug|Any CPU.Build.0 = Debug|Any CPU
		{A9BA6632-8146-431E-A2B4-1BF7CE282BF4}.Release|Any CPU.ActiveCfg = Release|Any CPU
		{A9BA6632-8146-431E-A2B4-1BF7CE282BF4}.Release|Any CPU.Build.0 = Release|Any CPU
	EndGlobalSection
	GlobalSection(SolutionProperties) = preSolution
		HideSolutionNode = FALSE
	EndGlobalSection
	GlobalSection(ExtensibilityGlobals) = postSolution
		SolutionGuid = {E84422CE-102F-4994-BFC5-99E98440BDB8}
	EndGlobalSection
EndGlobal
